
Microsoft Visual Studio Solution File, Format Version 12.00
# Visual Studio Version 17
VisualStudioVersion = 17.4.33213.308
MinimumVisualStudioVersion = 10.0.40219.1
Project("{FAE04EC0-301F-11D3-BF4B-00C04F79EFBC}") = "UserLoginNew", "UserLoginNew\UserLoginNew.csproj", "{5060AA74-653F-42E3-8373-927D7D5B6212}"
EndProject
Global
	GlobalSection(SolutionConfigurationPlatforms) = preSolution
		Debug|Any CPU = Debug|Any CPU
		Release|Any CPU = Release|Any CPU
	EndGlobalSection
	GlobalSection(ProjectConfigurationPlatforms) = postSolution
		{5060AA74-653F-42E3-8373-927D7D5B6212}.Debug|Any CPU.ActiveCfg = Debug|Any CPU
		{5060AA74-653F-42E3-8373-927D7D5B6212}.Debug|Any CPU.Build.0 = Debug|Any CPU
		{5060AA74-653F-42E3-8373-927D7D5B6212}.Release|Any CPU.ActiveCfg = Release|Any CPU
		{5060AA74-653F-42E3-8373-927D7D5B6212}.Release|Any CPU.Build.0 = Release|Any CPU
	EndGlobalSection
	GlobalSection(SolutionProperties) = preSolution
		HideSolutionNode = FALSE
	EndGlobalSection
	GlobalSection(ExtensibilityGlobals) = postSolution
		SolutionGuid = {AB8DF5CE-30A4-4E1A-AB73-12975250C226}
	EndGlobalSection
EndGlobal
